
Microsoft Visual Studio Solution File, Format Version 12.00
# Visual Studio 2012
Project("{FAE04EC0-301F-11D3-BF4B-00C04F79EFBC}") = "Badmeat.API", "Badmeat.API.csproj", "{802B7E1B-140C-4DDF-BAE0-8A62A5A3C840}"
EndProject
Global
	GlobalSection(SolutionConfigurationPlatforms) = preSolution
		Debug|Any CPU = Debug|Any CPU
		Release|Any CPU = Release|Any CPU
	EndGlobalSection
	GlobalSection(ProjectConfigurationPlatforms) = postSolution
		{802B7E1B-140C-4DDF-BAE0-8A62A5A3C840}.Debug|Any CPU.ActiveCfg = Debug|Any CPU
		{802B7E1B-140C-4DDF-BAE0-8A62A5A3C840}.Debug|Any CPU.Build.0 = Debug|Any CPU
		{802B7E1B-140C-4DDF-BAE0-8A62A5A3C840}.Release|Any CPU.ActiveCfg = Release|Any CPU
		{802B7E1B-140C-4DDF-BAE0-8A62A5A3C840}.Release|Any CPU.Build.0 = Release|Any CPU
	EndGlobalSection
EndGlobal
